{
	"name": "@reusable-ui/css-types",
	"version": "5.0.0",
	"lockfileVersion": 2,
	"requires": true,
	"packages": {
		"": {
			"name": "@reusable-ui/css-types",
			"version": "5.0.0",
			"license": "ISC",
			"dependencies": {
				"@cssfn/css-types": "^2.0.2",
				"@cssfn/css-var": "^2.0.3"
			}
		},
		"node_modules/@cssfn/css-types": {
			"version": "2.0.2",
			"resolved": "https://registry.npmjs.org/@cssfn/css-types/-/css-types-2.0.2.tgz",
			"integrity": "sha512-bD2rIsjrB4WJVRc2fCoUnJ66OEkYCEsG+5TXsmWrVFYFIUL+yQwyvU4PlmpKwLVqE3QZCS7HEffH0Y7/ubCb7A==",
			"dependencies": {
				"@cssfn/types": "^2.0.1",
				"csstype": "^3.1.0"
			}
		},
		"node_modules/@cssfn/css-var": {
			"version": "2.0.3",
			"resolved": "https://registry.npmjs.org/@cssfn/css-var/-/css-var-2.0.3.tgz",
			"integrity": "sha512-4xmyv5PZIR+SOXSwmzQ4/ACMBlUWVlVt0Og7ct4KASAGbwoqb8zqjmUx97jlSVfpWXEm2zD7kVImzavXPhe6Ng==",
			"dependencies": {
				"@cssfn/css-types": "^2.0.2",
				"@cssfn/types": "^2.0.1",
				"is-in-browser": "^2.0.0",
				"tiny-warning": "^1.0.3"
			}
		},
		"node_modules/@cssfn/types": {
			"version": "2.0.1",
			"resolved": "https://registry.npmjs.org/@cssfn/types/-/types-2.0.1.tgz",
			"integrity": "sha512-BKLbNQ/f4Shn8OvThGcy8kOjVjFX7K0kCiBBIgIhNPNVyN5ddJBRLaqAiMZM6HNTkqKq4ksaS1ohsZbGqO2Z7A=="
		},
		"node_modules/csstype": {
			"version": "3.1.0",
			"resolved": "https://registry.npmjs.org/csstype/-/csstype-3.1.0.tgz",
			"integrity": "sha512-uX1KG+x9h5hIJsaKR9xHUeUraxf8IODOwq9JLNPq6BwB04a/xgpq3rcx47l5BZu5zBPlgD342tdke3Hom/nJRA=="
		},
		"node_modules/is-in-browser": {
			"version": "2.0.0",
			"resolved": "https://registry.npmjs.org/is-in-browser/-/is-in-browser-2.0.0.tgz",
			"integrity": "sha512-/NUv5pqj+krUJalhGpj0lyy+x7vrD9jt1PlAfkoIDEXqE+xZgFJ4FU8e9m99WuHbCqsBZVf+nzvAjNso+SO80A=="
		},
		"node_modules/tiny-warning": {
			"version": "1.0.3",
			"resolved": "https://registry.npmjs.org/tiny-warning/-/tiny-warning-1.0.3.tgz",
			"integrity": "sha512-lBN9zLN/oAf68o3zNXYrdCt1kP8WsiGW8Oo2ka41b2IM5JL/S1CTyX1rW0mb/zSuJun0ZUrDxx4sqvYS2FWzPA=="
		}
	},
	"dependencies": {
		"@cssfn/css-types": {
			"version": "2.0.2",
			"resolved": "https://registry.npmjs.org/@cssfn/css-types/-/css-types-2.0.2.tgz",
			"integrity": "sha512-bD2rIsjrB4WJVRc2fCoUnJ66OEkYCEsG+5TXsmWrVFYFIUL+yQwyvU4PlmpKwLVqE3QZCS7HEffH0Y7/ubCb7A==",
			"requires": {
				"@cssfn/types": "^2.0.1",
				"csstype": "^3.1.0"
			}
		},
		"@cssfn/css-var": {
			"version": "2.0.3",
			"resolved": "https://registry.npmjs.org/@cssfn/css-var/-/css-var-2.0.3.tgz",
			"integrity": "sha512-4xmyv5PZIR+SOXSwmzQ4/ACMBlUWVlVt0Og7ct4KASAGbwoqb8zqjmUx97jlSVfpWXEm2zD7kVImzavXPhe6Ng==",
			"requires": {
				"@cssfn/css-types": "^2.0.2",
				"@cssfn/types": "^2.0.1",
				"is-in-browser": "^2.0.0",
				"tiny-warning": "^1.0.3"
			}
		},
		"@cssfn/types": {
			"version": "2.0.1",
			"resolved": "https://registry.npmjs.org/@cssfn/types/-/types-2.0.1.tgz",
			"integrity": "sha512-BKLbNQ/f4Shn8OvThGcy8kOjVjFX7K0kCiBBIgIhNPNVyN5ddJBRLaqAiMZM6HNTkqKq4ksaS1ohsZbGqO2Z7A=="
		},
		"csstype": {
			"version": "3.1.0",
			"resolved": "https://registry.npmjs.org/csstype/-/csstype-3.1.0.tgz",
			"integrity": "sha512-uX1KG+x9h5hIJsaKR9xHUeUraxf8IODOwq9JLNPq6BwB04a/xgpq3rcx47l5BZu5zBPlgD342tdke3Hom/nJRA=="
		},
		"is-in-browser": {
			"version": "2.0.0",
			"resolved": "https://registry.npmjs.org/is-in-browser/-/is-in-browser-2.0.0.tgz",
			"integrity": "sha512-/NUv5pqj+krUJalhGpj0lyy+x7vrD9jt1PlAfkoIDEXqE+xZgFJ4FU8e9m99WuHbCqsBZVf+nzvAjNso+SO80A=="
		},
		"tiny-warning": {
			"version": "1.0.3",
			"resolved": "https://registry.npmjs.org/tiny-warning/-/tiny-warning-1.0.3.tgz",
			"integrity": "sha512-lBN9zLN/oAf68o3zNXYrdCt1kP8WsiGW8Oo2ka41b2IM5JL/S1CTyX1rW0mb/zSuJun0ZUrDxx4sqvYS2FWzPA=="
		}
	}
}
